// !$*UTF8*$!
{
	archiveVersion = 1;
	classes = {
	};
	objectVersion = 51;
	objects = {

/* Begin PBXBuildFile section */
		000AFBD5B63263F071B08A12 /* Pods_MyWeather.framework in Frameworks */ = {isa = PBXBuildFile; fileRef = AF71CABF850EF8DC95E2B3ED /* Pods_MyWeather.framework */; };
		2814A39D26ECADD400E901B3 /* WeatherNetworking.swift in Sources */ = {isa = PBXBuildFile; fileRef = 2814A39C26ECADD400E901B3 /* WeatherNetworking.swift */; };
		2814A3C226ECFF1600E901B3 /* WeatherOn24HoursController.swift in Sources */ = {isa = PBXBuildFile; fileRef = 2814A3C126ECFF1600E901B3 /* WeatherOn24HoursController.swift */; };
		2814A3C526ED020500E901B3 /* WeatherOn24HoursCell.swift in Sources */ = {isa = PBXBuildFile; fileRef = 2814A3C426ED020500E901B3 /* WeatherOn24HoursCell.swift */; };
		281550BC269B378600C0DC50 /* Main.storyboard in Resources */ = {isa = PBXBuildFile; fileRef = 281550BA269B378600C0DC50 /* Main.storyboard */; };
		281550BE269B378800C0DC50 /* Assets.xcassets in Resources */ = {isa = PBXBuildFile; fileRef = 281550BD269B378800C0DC50 /* Assets.xcassets */; };
		281550C1269B378800C0DC50 /* LaunchScreen.storyboard in Resources */ = {isa = PBXBuildFile; fileRef = 281550BF269B378800C0DC50 /* LaunchScreen.storyboard */; };
		284ACB6026C03975003D7BBD /* AppDelegate.swift in Sources */ = {isa = PBXBuildFile; fileRef = 281550B4269B378600C0DC50 /* AppDelegate.swift */; };
		284ACB6126C03975003D7BBD /* SceneDelegate.swift in Sources */ = {isa = PBXBuildFile; fileRef = 281550B6269B378600C0DC50 /* SceneDelegate.swift */; };
		284ACB6226C03975003D7BBD /* WeatherViewController.swift in Sources */ = {isa = PBXBuildFile; fileRef = 281550B8269B378600C0DC50 /* WeatherViewController.swift */; };
		284ACB6326C03975003D7BBD /* OnboardViewController.swift in Sources */ = {isa = PBXBuildFile; fileRef = 281550C9269B5CE700C0DC50 /* OnboardViewController.swift */; };
		284ACB6426C03975003D7BBD /* Location.swift in Sources */ = {isa = PBXBuildFile; fileRef = 2841161826A48E070049DB8C /* Location.swift */; };
		284ACB6526C03975003D7BBD /* ChangeCityViewController.swift in Sources */ = {isa = PBXBuildFile; fileRef = 284ACAF326C0351A003D7BBD /* ChangeCityViewController.swift */; };
		284ACB6626C03975003D7BBD /* LocationViewController.swift in Sources */ = {isa = PBXBuildFile; fileRef = 2841161526A4871E0049DB8C /* LocationViewController.swift */; };
		284ACB6726C03975003D7BBD /* WeatherDataModel.swift in Sources */ = {isa = PBXBuildFile; fileRef = 284ACAE926C03198003D7BBD /* WeatherDataModel.swift */; };
		289BCFE326D69F010036B09C /* HourlyCollectionViewCell.swift in Sources */ = {isa = PBXBuildFile; fileRef = 289BCFE226D69F010036B09C /* HourlyCollectionViewCell.swift */; };
		28C33B3126D6C664005C130B /* DayWithTemperature.swift in Sources */ = {isa = PBXBuildFile; fileRef = 28C33B3026D6C664005C130B /* DayWithTemperature.swift */; };
		28C33B3426D80926005C130B /* SettingsViewController.swift in Sources */ = {isa = PBXBuildFile; fileRef = 28C33B3326D80926005C130B /* SettingsViewController.swift */; };
		28C33B3826D8FE54005C130B /* DayWeatherViewController.swift in Sources */ = {isa = PBXBuildFile; fileRef = 28C33B3726D8FE54005C130B /* DayWeatherViewController.swift */; };
/* End PBXBuildFile section */

/* Begin PBXFileReference section */
		2814A39C26ECADD400E901B3 /* WeatherNetworking.swift */ = {isa = PBXFileReference; lastKnownFileType = sourcecode.swift; path = WeatherNetworking.swift; sourceTree = "<group>"; };
		2814A3C126ECFF1600E901B3 /* WeatherOn24HoursController.swift */ = {isa = PBXFileReference; lastKnownFileType = sourcecode.swift; path = WeatherOn24HoursController.swift; sourceTree = "<group>"; };
		2814A3C426ED020500E901B3 /* WeatherOn24HoursCell.swift */ = {isa = PBXFileReference; lastKnownFileType = sourcecode.swift; path = WeatherOn24HoursCell.swift; sourceTree = "<group>"; };
		281550B1269B378600C0DC50 /* MyWeather.app */ = {isa = PBXFileReference; explicitFileType = wrapper.application; includeInIndex = 0; path = MyWeather.app; sourceTree = BUILT_PRODUCTS_DIR; };
		281550B4269B378600C0DC50 /* AppDelegate.swift */ = {isa = PBXFileReference; lastKnownFileType = sourcecode.swift; path = AppDelegate.swift; sourceTree = "<group>"; };
		281550B6269B378600C0DC50 /* SceneDelegate.swift */ = {isa = PBXFileReference; lastKnownFileType = sourcecode.swift; path = SceneDelegate.swift; sourceTree = "<group>"; };
		281550B8269B378600C0DC50 /* WeatherViewController.swift */ = {isa = PBXFileReference; lastKnownFileType = sourcecode.swift; path = WeatherViewController.swift; sourceTree = "<group>"; };
		281550BB269B378600C0DC50 /* Base */ = {isa = PBXFileReference; lastKnownFileType = file.storyboard; name = Base; path = Base.lproj/Main.storyboard; sourceTree = "<group>"; };
		281550BD269B378800C0DC50 /* Assets.xcassets */ = {isa = PBXFileReference; lastKnownFileType = folder.assetcatalog; path = Assets.xcassets; sourceTree = "<group>"; };
		281550C0269B378800C0DC50 /* Base */ = {isa = PBXFileReference; lastKnownFileType = file.storyboard; name = Base; path = Base.lproj/LaunchScreen.storyboard; sourceTree = "<group>"; };
		281550C2269B378800C0DC50 /* Info.plist */ = {isa = PBXFileReference; lastKnownFileType = text.plist.xml; path = Info.plist; sourceTree = "<group>"; };
		281550C9269B5CE700C0DC50 /* OnboardViewController.swift */ = {isa = PBXFileReference; lastKnownFileType = sourcecode.swift; path = OnboardViewController.swift; sourceTree = "<group>"; };
		2841161526A4871E0049DB8C /* LocationViewController.swift */ = {isa = PBXFileReference; lastKnownFileType = sourcecode.swift; path = LocationViewController.swift; sourceTree = "<group>"; };
		2841161826A48E070049DB8C /* Location.swift */ = {isa = PBXFileReference; lastKnownFileType = sourcecode.swift; path = Location.swift; sourceTree = "<group>"; };
		284ACAE926C03198003D7BBD /* WeatherDataModel.swift */ = {isa = PBXFileReference; lastKnownFileType = sourcecode.swift; path = WeatherDataModel.swift; sourceTree = "<group>"; };
		284ACAF326C0351A003D7BBD /* ChangeCityViewController.swift */ = {isa = PBXFileReference; lastKnownFileType = sourcecode.swift; path = ChangeCityViewController.swift; sourceTree = "<group>"; };
		289BCFE226D69F010036B09C /* HourlyCollectionViewCell.swift */ = {isa = PBXFileReference; lastKnownFileType = sourcecode.swift; path = HourlyCollectionViewCell.swift; sourceTree = "<group>"; };
		28C33B3026D6C664005C130B /* DayWithTemperature.swift */ = {isa = PBXFileReference; lastKnownFileType = sourcecode.swift; path = DayWithTemperature.swift; sourceTree = "<group>"; };
		28C33B3326D80926005C130B /* SettingsViewController.swift */ = {isa = PBXFileReference; lastKnownFileType = sourcecode.swift; path = SettingsViewController.swift; sourceTree = "<group>"; };
		28C33B3726D8FE54005C130B /* DayWeatherViewController.swift */ = {isa = PBXFileReference; lastKnownFileType = sourcecode.swift; path = DayWeatherViewController.swift; sourceTree = "<group>"; };
		5551DD287789BB02FA5E4FDD /* Pods-MyWeather.release.xcconfig */ = {isa = PBXFileReference; includeInIndex = 1; lastKnownFileType = text.xcconfig; name = "Pods-MyWeather.release.xcconfig"; path = "Target Support Files/Pods-MyWeather/Pods-MyWeather.release.xcconfig"; sourceTree = "<group>"; };
		6DE1AE3C6E0D3CEB9A4A80B4 /* Pods-MyWeather.debug.xcconfig */ = {isa = PBXFileReference; includeInIndex = 1; lastKnownFileType = text.xcconfig; name = "Pods-MyWeather.debug.xcconfig"; path = "Target Support Files/Pods-MyWeather/Pods-MyWeather.debug.xcconfig"; sourceTree = "<group>"; };
		AF71CABF850EF8DC95E2B3ED /* Pods_MyWeather.framework */ = {isa = PBXFileReference; explicitFileType = wrapper.framework; includeInIndex = 0; path = Pods_MyWeather.framework; sourceTree = BUILT_PRODUCTS_DIR; };
/* End PBXFileReference section */

/* Begin PBXFrameworksBuildPhase section */
		281550AE269B378600C0DC50 /* Frameworks */ = {
			isa = PBXFrameworksBuildPhase;
			buildActionMask = 2147483647;
			files = (
				000AFBD5B63263F071B08A12 /* Pods_MyWeather.framework in Frameworks */,
			);
			runOnlyForDeploymentPostprocessing = 0;
		};
/* End PBXFrameworksBuildPhase section */

/* Begin PBXGroup section */
		281550A8269B378600C0DC50 = {
			isa = PBXGroup;
			children = (
				281550B3269B378600C0DC50 /* MyWeather */,
				281550B2269B378600C0DC50 /* Products */,
				4573A8562DD75F8299E41270 /* Pods */,
				E4D42E0C62B9F3920CE373E7 /* Frameworks */,
			);
			sourceTree = "<group>";
		};
		281550B2269B378600C0DC50 /* Products */ = {
			isa = PBXGroup;
			children = (
				281550B1269B378600C0DC50 /* MyWeather.app */,
			);
			name = Products;
			sourceTree = "<group>";
		};
		281550B3269B378600C0DC50 /* MyWeather */ = {
			isa = PBXGroup;
			children = (
				281550B4269B378600C0DC50 /* AppDelegate.swift */,
				281550B6269B378600C0DC50 /* SceneDelegate.swift */,
				281550B8269B378600C0DC50 /* WeatherViewController.swift */,
				2814A39C26ECADD400E901B3 /* WeatherNetworking.swift */,
				281550C9269B5CE700C0DC50 /* OnboardViewController.swift */,
				2841161826A48E070049DB8C /* Location.swift */,
				28C33B3026D6C664005C130B /* DayWithTemperature.swift */,
				289BCFE226D69F010036B09C /* HourlyCollectionViewCell.swift */,
				28C33B3726D8FE54005C130B /* DayWeatherViewController.swift */,
				2814A3C426ED020500E901B3 /* WeatherOn24HoursCell.swift */,
				284ACAF326C0351A003D7BBD /* ChangeCityViewController.swift */,
				28C33B3326D80926005C130B /* SettingsViewController.swift */,
				2841161526A4871E0049DB8C /* LocationViewController.swift */,
				2814A3C126ECFF1600E901B3 /* WeatherOn24HoursController.swift */,
				284ACAE926C03198003D7BBD /* WeatherDataModel.swift */,
				281550BA269B378600C0DC50 /* Main.storyboard */,
				281550BD269B378800C0DC50 /* Assets.xcassets */,
				281550BF269B378800C0DC50 /* LaunchScreen.storyboard */,
				281550C2269B378800C0DC50 /* Info.plist */,
			);
			path = MyWeather;
			sourceTree = "<group>";
		};
		4573A8562DD75F8299E41270 /* Pods */ = {
			isa = PBXGroup;
			children = (
				6DE1AE3C6E0D3CEB9A4A80B4 /* Pods-MyWeather.debug.xcconfig */,
				5551DD287789BB02FA5E4FDD /* Pods-MyWeather.release.xcconfig */,
			);
			path = Pods;
			sourceTree = "<group>";
		};
		E4D42E0C62B9F3920CE373E7 /* Frameworks */ = {
			isa = PBXGroup;
			children = (
				AF71CABF850EF8DC95E2B3ED /* Pods_MyWeather.framework */,
			);
			name = Frameworks;
			sourceTree = "<group>";
		};
/* End PBXGroup section */

/* Begin PBXNativeTarget section */
		281550B0269B378600C0DC50 /* MyWeather */ = {
			isa = PBXNativeTarget;
			buildConfigurationList = 281550C5269B378800C0DC50 /* Build configuration list for PBXNativeTarget "MyWeather" */;
			buildPhases = (
				D7C99E0CFA1E04BF57D5C185 /* [CP] Check Pods Manifest.lock */,
				281550AD269B378600C0DC50 /* Sources */,
				281550AE269B378600C0DC50 /* Frameworks */,
				281550AF269B378600C0DC50 /* Resources */,
				2F378CFD1C464A9EC424E222 /* [CP] Embed Pods Frameworks */,
			);
			buildRules = (
			);
			dependencies = (
			);
			name = MyWeather;
			productName = MyWeather;
			productReference = 281550B1269B378600C0DC50 /* MyWeather.app */;
			productType = "com.apple.product-type.application";
		};
/* End PBXNativeTarget section */

/* Begin PBXProject section */
		281550A9269B378600C0DC50 /* Project object */ = {
			isa = PBXProject;
			attributes = {
				LastSwiftUpdateCheck = 1240;
				LastUpgradeCheck = 1240;
				TargetAttributes = {
					281550B0269B378600C0DC50 = {
						CreatedOnToolsVersion = 12.4;
					};
				};
			};
			buildConfigurationList = 281550AC269B378600C0DC50 /* Build configuration list for PBXProject "MyWeather" */;
			compatibilityVersion = "Xcode 9.3";
			developmentRegion = en;
			hasScannedForEncodings = 0;
			knownRegions = (
				en,
				Base,
			);
			mainGroup = 281550A8269B378600C0DC50;
			productRefGroup = 281550B2269B378600C0DC50 /* Products */;
			projectDirPath = "";
			projectRoot = "";
			targets = (
				281550B0269B378600C0DC50 /* MyWeather */,
			);
		};
/* End PBXProject section */

/* Begin PBXResourcesBuildPhase section */
		281550AF269B378600C0DC50 /* Resources */ = {
			isa = PBXResourcesBuildPhase;
			buildActionMask = 2147483647;
			files = (
				281550C1269B378800C0DC50 /* LaunchScreen.storyboard in Resources */,
				281550BE269B378800C0DC50 /* Assets.xcassets in Resources */,
				281550BC269B378600C0DC50 /* Main.storyboard in Resources */,
			);
			runOnlyForDeploymentPostprocessing = 0;
		};
/* End PBXResourcesBuildPhase section */

/* Begin PBXShellScriptBuildPhase section */
		2F378CFD1C464A9EC424E222 /* [CP] Embed Pods Frameworks */ = {
			isa = PBXShellScriptBuildPhase;
			buildActionMask = 2147483647;
			files = (
			);
			inputFileListPaths = (
				"${PODS_ROOT}/Target Support Files/Pods-MyWeather/Pods-MyWeather-frameworks-${CONFIGURATION}-input-files.xcfilelist",
			);
			name = "[CP] Embed Pods Frameworks";
			outputFileListPaths = (
				"${PODS_ROOT}/Target Support Files/Pods-MyWeather/Pods-MyWeather-frameworks-${CONFIGURATION}-output-files.xcfilelist",
			);
			runOnlyForDeploymentPostprocessing = 0;
			shellPath = /bin/sh;
			shellScript = "\"${PODS_ROOT}/Target Support Files/Pods-MyWeather/Pods-MyWeather-frameworks.sh\"\n";
			showEnvVarsInLog = 0;
		};
		D7C99E0CFA1E04BF57D5C185 /* [CP] Check Pods Manifest.lock */ = {
			isa = PBXShellScriptBuildPhase;
			buildActionMask = 2147483647;
			files = (
			);
			inputFileListPaths = (
			);
			inputPaths = (
				"${PODS_PODFILE_DIR_PATH}/Podfile.lock",
				"${PODS_ROOT}/Manifest.lock",
			);
			name = "[CP] Check Pods Manifest.lock";
			outputFileListPaths = (
			);
			outputPaths = (
				"$(DERIVED_FILE_DIR)/Pods-MyWeather-checkManifestLockResult.txt",
			);
			runOnlyForDeploymentPostprocessing = 0;
			shellPath = /bin/sh;
			shellScript = "diff \"${PODS_PODFILE_DIR_PATH}/Podfile.lock\" \"${PODS_ROOT}/Manifest.lock\" > /dev/null\nif [ $? != 0 ] ; then\n    # print error to STDERR\n    echo \"error: The sandbox is not in sync with the Podfile.lock. Run 'pod install' or update your CocoaPods installation.\" >&2\n    exit 1\nfi\n# This output is used by Xcode 'outputs' to avoid re-running this script phase.\necho \"SUCCESS\" > \"${SCRIPT_OUTPUT_FILE_0}\"\n";
			showEnvVarsInLog = 0;
		};
/* End PBXShellScriptBuildPhase section */

/* Begin PBXSourcesBuildPhase section */
		281550AD269B378600C0DC50 /* Sources */ = {
			isa = PBXSourcesBuildPhase;
			buildActionMask = 2147483647;
			files = (
				284ACB6026C03975003D7BBD /* AppDelegate.swift in Sources */,
				284ACB6126C03975003D7BBD /* SceneDelegate.swift in Sources */,
				2814A39D26ECADD400E901B3 /* WeatherNetworking.swift in Sources */,
				28C33B3426D80926005C130B /* SettingsViewController.swift in Sources */,
				2814A3C226ECFF1600E901B3 /* WeatherOn24HoursController.swift in Sources */,
				289BCFE326D69F010036B09C /* HourlyCollectionViewCell.swift in Sources */,
				284ACB6226C03975003D7BBD /* WeatherViewController.swift in Sources */,
				284ACB6326C03975003D7BBD /* OnboardViewController.swift in Sources */,
				28C33B3826D8FE54005C130B /* DayWeatherViewController.swift in Sources */,
				28C33B3126D6C664005C130B /* DayWithTemperature.swift in Sources */,
				284ACB6426C03975003D7BBD /* Location.swift in Sources */,
				284ACB6526C03975003D7BBD /* ChangeCityViewController.swift in Sources */,
				284ACB6626C03975003D7BBD /* LocationViewController.swift in Sources */,
				284ACB6726C03975003D7BBD /* WeatherDataModel.swift in Sources */,
				2814A3C526ED020500E901B3 /* WeatherOn24HoursCell.swift in Sources */,
			);
			runOnlyForDeploymentPostprocessing = 0;
		};
/* End PBXSourcesBuildPhase section */

/* Begin PBXVariantGroup section */
		281550BA269B378600C0DC50 /* Main.storyboard */ = {
			isa = PBXVariantGroup;
			children = (
				281550BB269B378600C0DC50 /* Base */,
			);
			name = Main.storyboard;
			sourceTree = "<group>";
		};
		281550BF269B378800C0DC50 /* LaunchScreen.storyboard */ = {
			isa = PBXVariantGroup;
			children = (
				281550C0269B378800C0DC50 /* Base */,
			);
			name = LaunchScreen.storyboard;
			sourceTree = "<group>";
		};
/* End PBXVariantGroup section */

/* Begin XCBuildConfiguration section */
		281550C3269B378800C0DC50 /* Debug */ = {
			isa = XCBuildConfiguration;
			buildSettings = {
				ALWAYS_SEARCH_USER_PATHS = NO;
				CLANG_ANALYZER_NONNULL = YES;
				CLANG_ANALYZER_NUMBER_OBJECT_CONVERSION = YES_AGGRESSIVE;
				CLANG_CXX_LANGUAGE_STANDARD = "gnu++14";
				CLANG_CXX_LIBRARY = "libc++";
				CLANG_ENABLE_MODULES = YES;
				CLANG_ENABLE_OBJC_ARC = YES;
				CLANG_ENABLE_OBJC_WEAK = YES;
				CLANG_WARN_BLOCK_CAPTURE_AUTORELEASING = YES;
				CLANG_WARN_BOOL_CONVERSION = YES;
				CLANG_WARN_COMMA = YES;
				CLANG_WARN_CONSTANT_CONVERSION = YES;
				CLANG_WARN_DEPRECATED_OBJC_IMPLEMENTATIONS = YES;
				CLANG_WARN_DIRECT_OBJC_ISA_USAGE = YES_ERROR;
				CLANG_WARN_DOCUMENTATION_COMMENTS = YES;
				CLANG_WARN_EMPTY_BODY = YES;
				CLANG_WARN_ENUM_CONVERSION = YES;
				CLANG_WARN_INFINITE_RECURSION = YES;
				CLANG_WARN_INT_CONVERSION = YES;
				CLANG_WARN_NON_LITERAL_NULL_CONVERSION = YES;
				CLANG_WARN_OBJC_IMPLICIT_RETAIN_SELF = YES;
				CLANG_WARN_OBJC_LITERAL_CONVERSION = YES;
				CLANG_WARN_OBJC_ROOT_CLASS = YES_ERROR;
				CLANG_WARN_QUOTED_INCLUDE_IN_FRAMEWORK_HEADER = YES;
				CLANG_WARN_RANGE_LOOP_ANALYSIS = YES;
				CLANG_WARN_STRICT_PROTOTYPES = YES;
				CLANG_WARN_SUSPICIOUS_MOVE = YES;
				CLANG_WARN_UNGUARDED_AVAILABILITY = YES_AGGRESSIVE;
				CLANG_WARN_UNREACHABLE_CODE = YES;
				CLANG_WARN__DUPLICATE_METHOD_MATCH = YES;
				COPY_PHASE_STRIP = NO;
				DEBUG_INFORMATION_FORMAT = dwarf;
				ENABLE_STRICT_OBJC_MSGSEND = YES;
				ENABLE_TESTABILITY = YES;
				GCC_C_LANGUAGE_STANDARD = gnu11;
				GCC_DYNAMIC_NO_PIC = NO;
				GCC_NO_COMMON_BLOCKS = YES;
				GCC_OPTIMIZATION_LEVEL = 0;
				GCC_PREPROCESSOR_DEFINITIONS = (
					"DEBUG=1",
					"$(inherited)",
				);
				GCC_WARN_64_TO_32_BIT_CONVERSION = YES;
				GCC_WARN_ABOUT_RETURN_TYPE = YES_ERROR;
				GCC_WARN_UNDECLARED_SELECTOR = YES;
				GCC_WARN_UNINITIALIZED_AUTOS = YES_AGGRESSIVE;
				GCC_WARN_UNUSED_FUNCTION = YES;
				GCC_WARN_UNUSED_VARIABLE = YES;
				IPHONEOS_DEPLOYMENT_TARGET = 14.4;
				MTL_ENABLE_DEBUG_INFO = INCLUDE_SOURCE;
				MTL_FAST_MATH = YES;
				ONLY_ACTIVE_ARCH = YES;
				SDKROOT = iphoneos;
				SWIFT_ACTIVE_COMPILATION_CONDITIONS = DEBUG;
				SWIFT_OPTIMIZATION_LEVEL = "-Onone";
			};
			name = Debug;
		};
		281550C4269B378800C0DC50 /* Release */ = {
			isa = XCBuildConfiguration;
			buildSettings = {
				ALWAYS_SEARCH_USER_PATHS = NO;
				CLANG_ANALYZER_NONNULL = YES;
				CLANG_ANALYZER_NUMBER_OBJECT_CONVERSION = YES_AGGRESSIVE;
				CLANG_CXX_LANGUAGE_STANDARD = "gnu++14";
				CLANG_CXX_LIBRARY = "libc++";
				CLANG_ENABLE_MODULES = YES;
				CLANG_ENABLE_OBJC_ARC = YES;
				CLANG_ENABLE_OBJC_WEAK = YES;
				CLANG_WARN_BLOCK_CAPTURE_AUTORELEASING = YES;
				CLANG_WARN_BOOL_CONVERSION = YES;
				CLANG_WARN_COMMA = YES;
				CLANG_WARN_CONSTANT_CONVERSION = YES;
				CLANG_WARN_DEPRECATED_OBJC_IMPLEMENTATIONS = YES;
				CLANG_WARN_DIRECT_OBJC_ISA_USAGE = YES_ERROR;
				CLANG_WARN_DOCUMENTATION_COMMENTS = YES;
				CLANG_WARN_EMPTY_BODY = YES;
				CLANG_WARN_ENUM_CONVERSION = YES;
				CLANG_WARN_INFINITE_RECURSION = YES;
				CLANG_WARN_INT_CONVERSION = YES;
				CLANG_WARN_NON_LITERAL_NULL_CONVERSION = YES;
				CLANG_WARN_OBJC_IMPLICIT_RETAIN_SELF = YES;
				CLANG_WARN_OBJC_LITERAL_CONVERSION = YES;
				CLANG_WARN_OBJC_ROOT_CLASS = YES_ERROR;
				CLANG_WARN_QUOTED_INCLUDE_IN_FRAMEWORK_HEADER = YES;
				CLANG_WARN_RANGE_LOOP_ANALYSIS = YES;
				CLANG_WARN_STRICT_PROTOTYPES = YES;
				CLANG_WARN_SUSPICIOUS_MOVE = YES;
				CLANG_WARN_UNGUARDED_AVAILABILITY = YES_AGGRESSIVE;
				CLANG_WARN_UNREACHABLE_CODE = YES;
				CLANG_WARN__DUPLICATE_METHOD_MATCH = YES;
				COPY_PHASE_STRIP = NO;
				DEBUG_INFORMATION_FORMAT = "dwarf-with-dsym";
				ENABLE_NS_ASSERTIONS = NO;
				ENABLE_STRICT_OBJC_MSGSEND = YES;
				GCC_C_LANGUAGE_STANDARD = gnu11;
				GCC_NO_COMMON_BLOCKS = YES;
				GCC_WARN_64_TO_32_BIT_CONVERSION = YES;
				GCC_WARN_ABOUT_RETURN_TYPE = YES_ERROR;
				GCC_WARN_UNDECLARED_SELECTOR = YES;
				GCC_WARN_UNINITIALIZED_AUTOS = YES_AGGRESSIVE;
				GCC_WARN_UNUSED_FUNCTION = YES;
				GCC_WARN_UNUSED_VARIABLE = YES;
				IPHONEOS_DEPLOYMENT_TARGET = 14.4;
				MTL_ENABLE_DEBUG_INFO = NO;
				MTL_FAST_MATH = YES;
				SDKROOT = iphoneos;
				SWIFT_COMPILATION_MODE = wholemodule;
				SWIFT_OPTIMIZATION_LEVEL = "-O";
				VALIDATE_PRODUCT = YES;
			};
			name = Release;
		};
		281550C6269B378800C0DC50 /* Debug */ = {
			isa = XCBuildConfiguration;
			baseConfigurationReference = 6DE1AE3C6E0D3CEB9A4A80B4 /* Pods-MyWeather.debug.xcconfig */;
			buildSettings = {
				ASSETCATALOG_COMPILER_APPICON_NAME = AppIcon;
				ASSETCATALOG_COMPILER_GLOBAL_ACCENT_COLOR_NAME = AccentColor;
				CODE_SIGN_STYLE = Automatic;
				INFOPLIST_FILE = MyWeather/Info.plist;
				LD_RUNPATH_SEARCH_PATHS = (
					"$(inherited)",
					"@executable_path/Frameworks",
				);
				PRODUCT_BUNDLE_IDENTIFIER = ios7.cherepova.MyWeather;
				PRODUCT_NAME = "$(TARGET_NAME)";
				SWIFT_VERSION = 5.0;
				TARGETED_DEVICE_FAMILY = "1,2";
			};
			name = Debug;
		};
		281550C7269B378800C0DC50 /* Release */ = {
			isa = XCBuildConfiguration;
			baseConfigurationReference = 5551DD287789BB02FA5E4FDD /* Pods-MyWeather.release.xcconfig */;
			buildSettings = {
				ASSETCATALOG_COMPILER_APPICON_NAME = AppIcon;
				ASSETCATALOG_COMPILER_GLOBAL_ACCENT_COLOR_NAME = AccentColor;
				CODE_SIGN_STYLE = Automatic;
				INFOPLIST_FILE = MyWeather/Info.plist;
				LD_RUNPATH_SEARCH_PATHS = (
					"$(inherited)",
					"@executable_path/Frameworks",
				);
				PRODUCT_BUNDLE_IDENTIFIER = ios7.cherepova.MyWeather;
				PRODUCT_NAME = "$(TARGET_NAME)";
				SWIFT_VERSION = 5.0;
				TARGETED_DEVICE_FAMILY = "1,2";
			};
			name = Release;
		};
/* End XCBuildConfiguration section */

/* Begin XCConfigurationList section */
		281550AC269B378600C0DC50 /* Build configuration list for PBXProject "MyWeather" */ = {
			isa = XCConfigurationList;
			buildConfigurations = (
				281550C3269B378800C0DC50 /* Debug */,
				281550C4269B378800C0DC50 /* Release */,
			);
			defaultConfigurationIsVisible = 0;
			defaultConfigurationName = Release;
		};
		281550C5269B378800C0DC50 /* Build configuration list for PBXNativeTarget "MyWeather" */ = {
			isa = XCConfigurationList;
			buildConfigurations = (
				281550C6269B378800C0DC50 /* Debug */,
				281550C7269B378800C0DC50 /* Release */,
			);
			defaultConfigurationIsVisible = 0;
			defaultConfigurationName = Release;
		};
/* End XCConfigurationList section */
	};
	rootObject = 281550A9269B378600C0DC50 /* Project object */;
}
